
Microsoft Visual Studio Solution File, Format Version 12.00
# Visual Studio Version 16
VisualStudioVersion = 16.0.29326.143
MinimumVisualStudioVersion = 10.0.40219.1
Project("{8BC9CEB8-8B4A-11D0-8D11-00A0C91BC942}") = "TestZeners", "TestZeners\TestZeners.vcxproj", "{D5E656DF-AA37-44FD-B336-8715F76BE68E}"
EndProject
Project("{8BC9CEB8-8B4A-11D0-8D11-00A0C91BC942}") = "SingleShot", "SingleShot\SingleShot.vcxproj", "{846401A1-B511-41CC-B445-63383C0D5028}"
EndProject
Global
	GlobalSection(SolutionConfigurationPlatforms) = preSolution
		Debug|x64 = Debug|x64
		Debug|x86 = Debug|x86
		Release|x64 = Release|x64
		Release|x86 = Release|x86
	EndGlobalSection
	GlobalSection(ProjectConfigurationPlatforms) = postSolution
		{D5E656DF-AA37-44FD-B336-8715F76BE68E}.Debug|x64.ActiveCfg = Debug|x64
		{D5E656DF-AA37-44FD-B336-8715F76BE68E}.Debug|x64.Build.0 = Debug|x64
		{D5E656DF-AA37-44FD-B336-8715F76BE68E}.Debug|x86.ActiveCfg = Debug|Win32
		{D5E656DF-AA37-44FD-B336-8715F76BE68E}.Debug|x86.Build.0 = Debug|Win32
		{D5E656DF-AA37-44FD-B336-8715F76BE68E}.Release|x64.ActiveCfg = Release|x64
		{D5E656DF-AA37-44FD-B336-8715F76BE68E}.Release|x64.Build.0 = Release|x64
		{D5E656DF-AA37-44FD-B336-8715F76BE68E}.Release|x86.ActiveCfg = Release|Win32
		{D5E656DF-AA37-44FD-B336-8715F76BE68E}.Release|x86.Build.0 = Release|Win32
		{846401A1-B511-41CC-B445-63383C0D5028}.Debug|x64.ActiveCfg = Debug|x64
		{846401A1-B511-41CC-B445-63383C0D5028}.Debug|x64.Build.0 = Debug|x64
		{846401A1-B511-41CC-B445-63383C0D5028}.Debug|x86.ActiveCfg = Debug|Win32
		{846401A1-B511-41CC-B445-63383C0D5028}.Debug|x86.Build.0 = Debug|Win32
		{846401A1-B511-41CC-B445-63383C0D5028}.Release|x64.ActiveCfg = Release|x64
		{846401A1-B511-41CC-B445-63383C0D5028}.Release|x64.Build.0 = Release|x64
		{846401A1-B511-41CC-B445-63383C0D5028}.Release|x86.ActiveCfg = Release|Win32
		{846401A1-B511-41CC-B445-63383C0D5028}.Release|x86.Build.0 = Release|Win32
	EndGlobalSection
	GlobalSection(SolutionProperties) = preSolution
		HideSolutionNode = FALSE
	EndGlobalSection
	GlobalSection(ExtensibilityGlobals) = postSolution
		SolutionGuid = {C4B6617F-A17B-4CC4-8D0E-95B77DD52634}
	EndGlobalSection
EndGlobal
